
Microsoft Visual Studio Solution File, Format Version 12.00
# Visual Studio Version 17
VisualStudioVersion = 17.0.32126.317
MinimumVisualStudioVersion = 15.0.28307.960
Project("{9A19103F-16F7-4668-BE54-9A1E7A4F7556}") = "de.hdodenhof.circleimageview", "source\de.hdodenhof.circleimageview\de.hdodenhof.circleimageview.csproj", "{9AD45F7B-F482-49D0-BFE0-767E77F18AC9}"
EndProject
Project("{9A19103F-16F7-4668-BE54-9A1E7A4F7556}") = "Facebook.Shimmer.Android", "source\Facebook.Shimmer.Android\Facebook.Shimmer.Android.csproj", "{2AB56622-4A72-4AF4-8837-F6175A04D256}"
EndProject
Project("{9A19103F-16F7-4668-BE54-9A1E7A4F7556}") = "Google.Flexbox.Android", "source\Google.Flexbox.Android\Google.Flexbox.Android.csproj", "{E1928E3A-3E6F-4B98-B779-E6AA91F84784}"
EndProject
Project("{9A19103F-16F7-4668-BE54-9A1E7A4F7556}") = "SmartRefresh.Header", "source\SmartRefresh.Header\SmartRefresh.Header.csproj", "{52994DBC-F95C-4B05-ACF7-9CDEA6354E6B}"
EndProject
Project("{9A19103F-16F7-4668-BE54-9A1E7A4F7556}") = "SmartRefresh.Layout", "source\SmartRefresh.Layout\SmartRefresh.Layout.csproj", "{DE1071D4-66D8-4DD8-9C99-26635136A77A}"
EndProject
Project("{2150E333-8FDC-42A3-9474-1A3956D46DE8}") = "source", "source", "{C58C0FC4-86F2-42CD-AE30-F9A633DD5EC1}"
EndProject
Project("{2150E333-8FDC-42A3-9474-1A3956D46DE8}") = "samples", "samples", "{C587C244-E7EC-4770-8DD0-A695D69BE9BB}"
EndProject
Project("{FAE04EC0-301F-11D3-BF4B-00C04F79EFBC}") = "TestApp", "samples\Android\TestApp.csproj", "{B71C18E2-AFC1-42C6-BC1D-15F091F64865}"
EndProject
Project("{2150E333-8FDC-42A3-9474-1A3956D46DE8}") = "root", "root", "{E546AE07-CC80-47D6-8B2B-E8B07511C028}"
	ProjectSection(SolutionItems) = preProject
		.gitignore = .gitignore
		global.json = global.json
		README.md = README.md
	EndProjectSection
EndProject
Project("{9A19103F-16F7-4668-BE54-9A1E7A4F7556}") = "FloatingActionButtonSpeedDial", "source\FloatingActionButtonSpeedDial\FloatingActionButtonSpeedDial.csproj", "{67B8D16C-779C-4914-B319-C93264E37A80}"
EndProject
Project("{9A19103F-16F7-4668-BE54-9A1E7A4F7556}") = "Aho-Corasick", "source\Aho-Corasick\Aho-Corasick.csproj", "{D7DC82DB-9D50-4820-B142-1F6C8B8DE608}"
EndProject
Project("{9A19103F-16F7-4668-BE54-9A1E7A4F7556}") = "TinyPinyin", "source\TinyPinyin\TinyPinyin.csproj", "{B7BA1D19-0E61-4B3A-A372-713C64BDED51}"
EndProject
Project("{9A19103F-16F7-4668-BE54-9A1E7A4F7556}") = "TestApp.Net6", "samples\Android.Net6\TestApp.Net6.csproj", "{7A697AF0-692D-45FF-8DC7-1D05260E0892}"
EndProject
Global
	GlobalSection(SolutionConfigurationPlatforms) = preSolution
		Debug|Any CPU = Debug|Any CPU
		Release|Any CPU = Release|Any CPU
	EndGlobalSection
	GlobalSection(ProjectConfigurationPlatforms) = postSolution
		{9AD45F7B-F482-49D0-BFE0-767E77F18AC9}.Debug|Any CPU.ActiveCfg = Debug|Any CPU
		{9AD45F7B-F482-49D0-BFE0-767E77F18AC9}.Debug|Any CPU.Build.0 = Debug|Any CPU
		{9AD45F7B-F482-49D0-BFE0-767E77F18AC9}.Release|Any CPU.ActiveCfg = Release|Any CPU
		{9AD45F7B-F482-49D0-BFE0-767E77F18AC9}.Release|Any CPU.Build.0 = Release|Any CPU
		{2AB56622-4A72-4AF4-8837-F6175A04D256}.Debug|Any CPU.ActiveCfg = Debug|Any CPU
		{2AB56622-4A72-4AF4-8837-F6175A04D256}.Debug|Any CPU.Build.0 = Debug|Any CPU
		{2AB56622-4A72-4AF4-8837-F6175A04D256}.Release|Any CPU.ActiveCfg = Release|Any CPU
		{2AB56622-4A72-4AF4-8837-F6175A04D256}.Release|Any CPU.Build.0 = Release|Any CPU
		{E1928E3A-3E6F-4B98-B779-E6AA91F84784}.Debug|Any CPU.ActiveCfg = Debug|Any CPU
		{E1928E3A-3E6F-4B98-B779-E6AA91F84784}.Debug|Any CPU.Build.0 = Debug|Any CPU
		{E1928E3A-3E6F-4B98-B779-E6AA91F84784}.Release|Any CPU.ActiveCfg = Release|Any CPU
		{E1928E3A-3E6F-4B98-B779-E6AA91F84784}.Release|Any CPU.Build.0 = Release|Any CPU
		{52994DBC-F95C-4B05-ACF7-9CDEA6354E6B}.Debug|Any CPU.ActiveCfg = Debug|Any CPU
		{52994DBC-F95C-4B05-ACF7-9CDEA6354E6B}.Debug|Any CPU.Build.0 = Debug|Any CPU
		{52994DBC-F95C-4B05-ACF7-9CDEA6354E6B}.Release|Any CPU.ActiveCfg = Release|Any CPU
		{52994DBC-F95C-4B05-ACF7-9CDEA6354E6B}.Release|Any CPU.Build.0 = Release|Any CPU
		{DE1071D4-66D8-4DD8-9C99-26635136A77A}.Debug|Any CPU.ActiveCfg = Debug|Any CPU
		{DE1071D4-66D8-4DD8-9C99-26635136A77A}.Debug|Any CPU.Build.0 = Debug|Any CPU
		{DE1071D4-66D8-4DD8-9C99-26635136A77A}.Release|Any CPU.ActiveCfg = Release|Any CPU
		{DE1071D4-66D8-4DD8-9C99-26635136A77A}.Release|Any CPU.Build.0 = Release|Any CPU
		{B71C18E2-AFC1-42C6-BC1D-15F091F64865}.Debug|Any CPU.ActiveCfg = Debug|Any CPU
		{B71C18E2-AFC1-42C6-BC1D-15F091F64865}.Debug|Any CPU.Build.0 = Debug|Any CPU
		{B71C18E2-AFC1-42C6-BC1D-15F091F64865}.Debug|Any CPU.Deploy.0 = Debug|Any CPU
		{B71C18E2-AFC1-42C6-BC1D-15F091F64865}.Release|Any CPU.ActiveCfg = Release|Any CPU
		{B71C18E2-AFC1-42C6-BC1D-15F091F64865}.Release|Any CPU.Build.0 = Release|Any CPU
		{B71C18E2-AFC1-42C6-BC1D-15F091F64865}.Release|Any CPU.Deploy.0 = Release|Any CPU
		{67B8D16C-779C-4914-B319-C93264E37A80}.Debug|Any CPU.ActiveCfg = Debug|Any CPU
		{67B8D16C-779C-4914-B319-C93264E37A80}.Debug|Any CPU.Build.0 = Debug|Any CPU
		{67B8D16C-779C-4914-B319-C93264E37A80}.Release|Any CPU.ActiveCfg = Release|Any CPU
		{67B8D16C-779C-4914-B319-C93264E37A80}.Release|Any CPU.Build.0 = Release|Any CPU
		{D7DC82DB-9D50-4820-B142-1F6C8B8DE608}.Debug|Any CPU.ActiveCfg = Debug|Any CPU
		{D7DC82DB-9D50-4820-B142-1F6C8B8DE608}.Debug|Any CPU.Build.0 = Debug|Any CPU
		{D7DC82DB-9D50-4820-B142-1F6C8B8DE608}.Release|Any CPU.ActiveCfg = Release|Any CPU
		{D7DC82DB-9D50-4820-B142-1F6C8B8DE608}.Release|Any CPU.Build.0 = Release|Any CPU
		{B7BA1D19-0E61-4B3A-A372-713C64BDED51}.Debug|Any CPU.ActiveCfg = Debug|Any CPU
		{B7BA1D19-0E61-4B3A-A372-713C64BDED51}.Debug|Any CPU.Build.0 = Debug|Any CPU
		{B7BA1D19-0E61-4B3A-A372-713C64BDED51}.Release|Any CPU.ActiveCfg = Release|Any CPU
		{B7BA1D19-0E61-4B3A-A372-713C64BDED51}.Release|Any CPU.Build.0 = Release|Any CPU
		{7A697AF0-692D-45FF-8DC7-1D05260E0892}.Debug|Any CPU.ActiveCfg = Debug|Any CPU
		{7A697AF0-692D-45FF-8DC7-1D05260E0892}.Debug|Any CPU.Build.0 = Debug|Any CPU
		{7A697AF0-692D-45FF-8DC7-1D05260E0892}.Release|Any CPU.ActiveCfg = Release|Any CPU
		{7A697AF0-692D-45FF-8DC7-1D05260E0892}.Release|Any CPU.Build.0 = Release|Any CPU
	EndGlobalSection
	GlobalSection(SolutionProperties) = preSolution
		HideSolutionNode = FALSE
	EndGlobalSection
	GlobalSection(NestedProjects) = preSolution
		{9AD45F7B-F482-49D0-BFE0-767E77F18AC9} = {C58C0FC4-86F2-42CD-AE30-F9A633DD5EC1}
		{2AB56622-4A72-4AF4-8837-F6175A04D256} = {C58C0FC4-86F2-42CD-AE30-F9A633DD5EC1}
		{E1928E3A-3E6F-4B98-B779-E6AA91F84784} = {C58C0FC4-86F2-42CD-AE30-F9A633DD5EC1}
		{52994DBC-F95C-4B05-ACF7-9CDEA6354E6B} = {C58C0FC4-86F2-42CD-AE30-F9A633DD5EC1}
		{DE1071D4-66D8-4DD8-9C99-26635136A77A} = {C58C0FC4-86F2-42CD-AE30-F9A633DD5EC1}
		{B71C18E2-AFC1-42C6-BC1D-15F091F64865} = {C587C244-E7EC-4770-8DD0-A695D69BE9BB}
		{67B8D16C-779C-4914-B319-C93264E37A80} = {C58C0FC4-86F2-42CD-AE30-F9A633DD5EC1}
		{D7DC82DB-9D50-4820-B142-1F6C8B8DE608} = {C58C0FC4-86F2-42CD-AE30-F9A633DD5EC1}
		{B7BA1D19-0E61-4B3A-A372-713C64BDED51} = {C58C0FC4-86F2-42CD-AE30-F9A633DD5EC1}
		{7A697AF0-692D-45FF-8DC7-1D05260E0892} = {C587C244-E7EC-4770-8DD0-A695D69BE9BB}
	EndGlobalSection
	GlobalSection(ExtensibilityGlobals) = postSolution
		SolutionGuid = {2DFB3D21-A6B3-41A3-8E98-53039B227887}
	EndGlobalSection
EndGlobal
